// !$*UTF8*$!
{
	archiveVersion = 1;
	classes = {
	};
	objectVersion = 51;
	objects = {

/* Begin PBXBuildFile section */
		50421867237216AE00502463 /* VKPhotos.swift in Sources */ = {isa = PBXBuildFile; fileRef = 50421866237216AE00502463 /* VKPhotos.swift */; };
		5042186A23721BFC00502463 /* FriendTableViewCell.swift in Sources */ = {isa = PBXBuildFile; fileRef = 5042186823721BFC00502463 /* FriendTableViewCell.swift */; };
		5042186B23721BFC00502463 /* FriendTableViewCell.xib in Resources */ = {isa = PBXBuildFile; fileRef = 5042186923721BFC00502463 /* FriendTableViewCell.xib */; };
		5043DB6E215063D3007B4E4A /* WebViewController.swift in Sources */ = {isa = PBXBuildFile; fileRef = 5043DB6D215063D3007B4E4A /* WebViewController.swift */; };
		5043DB7121506FCB007B4E4A /* VKAuth.swift in Sources */ = {isa = PBXBuildFile; fileRef = 5043DB7021506FCB007B4E4A /* VKAuth.swift */; };
		5059EB262376B4C000D693E5 /* GroupTableViewCell.swift in Sources */ = {isa = PBXBuildFile; fileRef = 5059EB242376B4C000D693E5 /* GroupTableViewCell.swift */; };
		5059EB272376B4C000D693E5 /* GroupTableViewCell.xib in Resources */ = {isa = PBXBuildFile; fileRef = 5059EB252376B4C000D693E5 /* GroupTableViewCell.xib */; };
		50783C2B23718F2A009EE2A3 /* VKConfiguration.swift in Sources */ = {isa = PBXBuildFile; fileRef = 50783C2A23718F2A009EE2A3 /* VKConfiguration.swift */; };
		50783C2D23719D69009EE2A3 /* ImageDownloader.swift in Sources */ = {isa = PBXBuildFile; fileRef = 50783C2C23719D69009EE2A3 /* ImageDownloader.swift */; };
		50783C2F2371A209009EE2A3 /* UIWindow+Extention.swift in Sources */ = {isa = PBXBuildFile; fileRef = 50783C2E2371A209009EE2A3 /* UIWindow+Extention.swift */; };
		5084F8F22379CE5000ABBCAB /* Friends.storyboard in Resources */ = {isa = PBXBuildFile; fileRef = 5084F8F02379CE5000ABBCAB /* Friends.storyboard */; };
		5084F8F52379CE6C00ABBCAB /* RootTabBar.storyboard in Resources */ = {isa = PBXBuildFile; fileRef = 5084F8F32379CE6C00ABBCAB /* RootTabBar.storyboard */; };
		5084F8FD2379D01F00ABBCAB /* Groups.storyboard in Resources */ = {isa = PBXBuildFile; fileRef = 5084F8FB2379D01F00ABBCAB /* Groups.storyboard */; };
		5084F9032379D3C100ABBCAB /* Newsfeed.storyboard in Resources */ = {isa = PBXBuildFile; fileRef = 5084F9022379D3C100ABBCAB /* Newsfeed.storyboard */; };
		5084F9052379D40200ABBCAB /* NewsfeedTableViewController.swift in Sources */ = {isa = PBXBuildFile; fileRef = 5084F9042379D40200ABBCAB /* NewsfeedTableViewController.swift */; };
		5084F9072379D43800ABBCAB /* Post.swift in Sources */ = {isa = PBXBuildFile; fileRef = 5084F9062379D43800ABBCAB /* Post.swift */; };
		5084F90A2379D47E00ABBCAB /* PostTableViewCell.swift in Sources */ = {isa = PBXBuildFile; fileRef = 5084F9082379D47E00ABBCAB /* PostTableViewCell.swift */; };
		5084F90B2379D47E00ABBCAB /* PostTableViewCell.xib in Resources */ = {isa = PBXBuildFile; fileRef = 5084F9092379D47E00ABBCAB /* PostTableViewCell.xib */; };
		5084F90D2379E2E300ABBCAB /* VKNewsFeed.swift in Sources */ = {isa = PBXBuildFile; fileRef = 5084F90C2379E2E300ABBCAB /* VKNewsFeed.swift */; };
		508EE14D21A23B6E004AF2AF /* SettingsTableViewController.swift in Sources */ = {isa = PBXBuildFile; fileRef = 508EE14C21A23B6E004AF2AF /* SettingsTableViewController.swift */; };
		50BA58C0219B654500982E3F /* UIImageView.swift in Sources */ = {isa = PBXBuildFile; fileRef = 50BA58BF219B654500982E3F /* UIImageView.swift */; };
		50D70DCC219DB70B003F9529 /* VKFriends.swift in Sources */ = {isa = PBXBuildFile; fileRef = 50D70DCB219DB70B003F9529 /* VKFriends.swift */; };
		50D70DCE219DB7F2003F9529 /* VKGroup.swift in Sources */ = {isa = PBXBuildFile; fileRef = 50D70DCD219DB7F2003F9529 /* VKGroup.swift */; };
		50E05FE221514B3B0077161D /* Assets.xcassets in Resources */ = {isa = PBXBuildFile; fileRef = 50E05FE121514B390077161D /* Assets.xcassets */; };
		50F59C18219651D50030EA4C /* Entity.swift in Sources */ = {isa = PBXBuildFile; fileRef = 50F59C17219651D50030EA4C /* Entity.swift */; };
		9435CF85212D7FC7002689E7 /* AlertBuilder.swift in Sources */ = {isa = PBXBuildFile; fileRef = 9435CF84212D7FC7002689E7 /* AlertBuilder.swift */; };
		943A5DD021314E4D00D5F27C /* Human.swift in Sources */ = {isa = PBXBuildFile; fileRef = 943A5DCF21314E4D00D5F27C /* Human.swift */; };
		943A5DD42131581C00D5F27C /* User.swift in Sources */ = {isa = PBXBuildFile; fileRef = 943A5DD32131581C00D5F27C /* User.swift */; };
		943A5DD6213198A600D5F27C /* Photo.swift in Sources */ = {isa = PBXBuildFile; fileRef = 943A5DD5213198A600D5F27C /* Photo.swift */; };
		9471E3502128F86200730643 /* AppDelegate.swift in Sources */ = {isa = PBXBuildFile; fileRef = 9471E34F2128F86200730643 /* AppDelegate.swift */; };
		9471E3522128F86200730643 /* ViewController.swift in Sources */ = {isa = PBXBuildFile; fileRef = 9471E3512128F86200730643 /* ViewController.swift */; };
		9471E3552128F86200730643 /* Main.storyboard in Resources */ = {isa = PBXBuildFile; fileRef = 9471E3532128F86200730643 /* Main.storyboard */; };
		9471E35A2128F86300730643 /* LaunchScreen.storyboard in Resources */ = {isa = PBXBuildFile; fileRef = 9471E3582128F86300730643 /* LaunchScreen.storyboard */; };
		947EA06D212D2A2100490D35 /* FriendsTableViewController.swift in Sources */ = {isa = PBXBuildFile; fileRef = 947EA06C212D2A2100490D35 /* FriendsTableViewController.swift */; };
		947EA06F212D502000490D35 /* GroupsTableViewController.swift in Sources */ = {isa = PBXBuildFile; fileRef = 947EA06E212D502000490D35 /* GroupsTableViewController.swift */; };
		94E4341C2131DDB200FC890B /* Group.swift in Sources */ = {isa = PBXBuildFile; fileRef = 94E4341B2131DDB200FC890B /* Group.swift */; };
		94EA34B8213088D600EE22E1 /* ImagesFriendCollectionViewController.swift in Sources */ = {isa = PBXBuildFile; fileRef = 94EA34B7213088D600EE22E1 /* ImagesFriendCollectionViewController.swift */; };
		94F0D61E2131EC620063ECFE /* GroupsWorldTableViewController.swift in Sources */ = {isa = PBXBuildFile; fileRef = 94F0D61D2131EC620063ECFE /* GroupsWorldTableViewController.swift */; };
		F1EC368EC15439FC0F7AA009 /* Pods_VK_App.framework in Frameworks */ = {isa = PBXBuildFile; fileRef = A69CB201EB6E0155930F9479 /* Pods_VK_App.framework */; };
/* End PBXBuildFile section */

/* Begin PBXFileReference section */
		50421866237216AE00502463 /* VKPhotos.swift */ = {isa = PBXFileReference; lastKnownFileType = sourcecode.swift; path = VKPhotos.swift; sourceTree = "<group>"; };
		5042186823721BFC00502463 /* FriendTableViewCell.swift */ = {isa = PBXFileReference; lastKnownFileType = sourcecode.swift; path = FriendTableViewCell.swift; sourceTree = "<group>"; };
		5042186923721BFC00502463 /* FriendTableViewCell.xib */ = {isa = PBXFileReference; lastKnownFileType = file.xib; path = FriendTableViewCell.xib; sourceTree = "<group>"; };
		5043DB6D215063D3007B4E4A /* WebViewController.swift */ = {isa = PBXFileReference; lastKnownFileType = sourcecode.swift; path = WebViewController.swift; sourceTree = "<group>"; };
		5043DB7021506FCB007B4E4A /* VKAuth.swift */ = {isa = PBXFileReference; lastKnownFileType = sourcecode.swift; path = VKAuth.swift; sourceTree = "<group>"; };
		5059EB242376B4C000D693E5 /* GroupTableViewCell.swift */ = {isa = PBXFileReference; lastKnownFileType = sourcecode.swift; path = GroupTableViewCell.swift; sourceTree = "<group>"; };
		5059EB252376B4C000D693E5 /* GroupTableViewCell.xib */ = {isa = PBXFileReference; lastKnownFileType = file.xib; path = GroupTableViewCell.xib; sourceTree = "<group>"; };
		50783C2A23718F2A009EE2A3 /* VKConfiguration.swift */ = {isa = PBXFileReference; lastKnownFileType = sourcecode.swift; path = VKConfiguration.swift; sourceTree = "<group>"; };
		50783C2C23719D69009EE2A3 /* ImageDownloader.swift */ = {isa = PBXFileReference; lastKnownFileType = sourcecode.swift; path = ImageDownloader.swift; sourceTree = "<group>"; };
		50783C2E2371A209009EE2A3 /* UIWindow+Extention.swift */ = {isa = PBXFileReference; lastKnownFileType = sourcecode.swift; path = "UIWindow+Extention.swift"; sourceTree = "<group>"; };
		5084F8F12379CE5000ABBCAB /* Base */ = {isa = PBXFileReference; lastKnownFileType = file.storyboard; name = Base; path = Base.lproj/Friends.storyboard; sourceTree = "<group>"; };
		5084F8F42379CE6C00ABBCAB /* Base */ = {isa = PBXFileReference; lastKnownFileType = file.storyboard; name = Base; path = Base.lproj/RootTabBar.storyboard; sourceTree = "<group>"; };
		5084F8FC2379D01F00ABBCAB /* Base */ = {isa = PBXFileReference; lastKnownFileType = file.storyboard; name = Base; path = Base.lproj/Groups.storyboard; sourceTree = "<group>"; };
		5084F9022379D3C100ABBCAB /* Newsfeed.storyboard */ = {isa = PBXFileReference; fileEncoding = 4; lastKnownFileType = file.storyboard; path = Newsfeed.storyboard; sourceTree = "<group>"; };
		5084F9042379D40200ABBCAB /* NewsfeedTableViewController.swift */ = {isa = PBXFileReference; lastKnownFileType = sourcecode.swift; path = NewsfeedTableViewController.swift; sourceTree = "<group>"; };
		5084F9062379D43800ABBCAB /* Post.swift */ = {isa = PBXFileReference; lastKnownFileType = sourcecode.swift; path = Post.swift; sourceTree = "<group>"; };
		5084F9082379D47E00ABBCAB /* PostTableViewCell.swift */ = {isa = PBXFileReference; lastKnownFileType = sourcecode.swift; path = PostTableViewCell.swift; sourceTree = "<group>"; };
		5084F9092379D47E00ABBCAB /* PostTableViewCell.xib */ = {isa = PBXFileReference; lastKnownFileType = file.xib; path = PostTableViewCell.xib; sourceTree = "<group>"; };
		5084F90C2379E2E300ABBCAB /* VKNewsFeed.swift */ = {isa = PBXFileReference; lastKnownFileType = sourcecode.swift; path = VKNewsFeed.swift; sourceTree = "<group>"; };
		508EE14C21A23B6E004AF2AF /* SettingsTableViewController.swift */ = {isa = PBXFileReference; lastKnownFileType = sourcecode.swift; path = SettingsTableViewController.swift; sourceTree = "<group>"; };
		50BA58BF219B654500982E3F /* UIImageView.swift */ = {isa = PBXFileReference; lastKnownFileType = sourcecode.swift; path = UIImageView.swift; sourceTree = "<group>"; };
		50D70DCB219DB70B003F9529 /* VKFriends.swift */ = {isa = PBXFileReference; lastKnownFileType = sourcecode.swift; path = VKFriends.swift; sourceTree = "<group>"; };
		50D70DCD219DB7F2003F9529 /* VKGroup.swift */ = {isa = PBXFileReference; lastKnownFileType = sourcecode.swift; path = VKGroup.swift; sourceTree = "<group>"; };
		50E05FE121514B390077161D /* Assets.xcassets */ = {isa = PBXFileReference; lastKnownFileType = folder.assetcatalog; path = Assets.xcassets; sourceTree = "<group>"; };
		50F59C17219651D50030EA4C /* Entity.swift */ = {isa = PBXFileReference; lastKnownFileType = sourcecode.swift; path = Entity.swift; sourceTree = "<group>"; };
		64D3E27EF30EB773AB63EF4B /* Pods-VK_App.debug.xcconfig */ = {isa = PBXFileReference; includeInIndex = 1; lastKnownFileType = text.xcconfig; name = "Pods-VK_App.debug.xcconfig"; path = "Pods/Target Support Files/Pods-VK_App/Pods-VK_App.debug.xcconfig"; sourceTree = "<group>"; };
		710D4125137E0F8DA256F06F /* Pods-VK_App.release.xcconfig */ = {isa = PBXFileReference; includeInIndex = 1; lastKnownFileType = text.xcconfig; name = "Pods-VK_App.release.xcconfig"; path = "Pods/Target Support Files/Pods-VK_App/Pods-VK_App.release.xcconfig"; sourceTree = "<group>"; };
		9435CF84212D7FC7002689E7 /* AlertBuilder.swift */ = {isa = PBXFileReference; lastKnownFileType = sourcecode.swift; path = AlertBuilder.swift; sourceTree = "<group>"; };
		943A5DCF21314E4D00D5F27C /* Human.swift */ = {isa = PBXFileReference; lastKnownFileType = sourcecode.swift; path = Human.swift; sourceTree = "<group>"; };
		943A5DD32131581C00D5F27C /* User.swift */ = {isa = PBXFileReference; lastKnownFileType = sourcecode.swift; path = User.swift; sourceTree = "<group>"; };
		943A5DD5213198A600D5F27C /* Photo.swift */ = {isa = PBXFileReference; lastKnownFileType = sourcecode.swift; path = Photo.swift; sourceTree = "<group>"; };
		9471E34C2128F86200730643 /* VK_App.app */ = {isa = PBXFileReference; explicitFileType = wrapper.application; includeInIndex = 0; path = VK_App.app; sourceTree = BUILT_PRODUCTS_DIR; };
		9471E34F2128F86200730643 /* AppDelegate.swift */ = {isa = PBXFileReference; lastKnownFileType = sourcecode.swift; path = AppDelegate.swift; sourceTree = "<group>"; };
		9471E3512128F86200730643 /* ViewController.swift */ = {isa = PBXFileReference; lastKnownFileType = sourcecode.swift; path = ViewController.swift; sourceTree = "<group>"; };
		9471E3542128F86200730643 /* Base */ = {isa = PBXFileReference; lastKnownFileType = file.storyboard; name = Base; path = Base.lproj/Main.storyboard; sourceTree = "<group>"; };
		9471E3592128F86300730643 /* Base */ = {isa = PBXFileReference; lastKnownFileType = file.storyboard; name = Base; path = Base.lproj/LaunchScreen.storyboard; sourceTree = "<group>"; };
		9471E35B2128F86300730643 /* Info.plist */ = {isa = PBXFileReference; lastKnownFileType = text.plist.xml; path = Info.plist; sourceTree = "<group>"; };
		947EA06C212D2A2100490D35 /* FriendsTableViewController.swift */ = {isa = PBXFileReference; lastKnownFileType = sourcecode.swift; path = FriendsTableViewController.swift; sourceTree = "<group>"; };
		947EA06E212D502000490D35 /* GroupsTableViewController.swift */ = {isa = PBXFileReference; lastKnownFileType = sourcecode.swift; path = GroupsTableViewController.swift; sourceTree = "<group>"; };
		94E4341B2131DDB200FC890B /* Group.swift */ = {isa = PBXFileReference; lastKnownFileType = sourcecode.swift; path = Group.swift; sourceTree = "<group>"; };
		94EA34B7213088D600EE22E1 /* ImagesFriendCollectionViewController.swift */ = {isa = PBXFileReference; lastKnownFileType = sourcecode.swift; path = ImagesFriendCollectionViewController.swift; sourceTree = "<group>"; };
		94F0D61D2131EC620063ECFE /* GroupsWorldTableViewController.swift */ = {isa = PBXFileReference; lastKnownFileType = sourcecode.swift; path = GroupsWorldTableViewController.swift; sourceTree = "<group>"; };
		A69CB201EB6E0155930F9479 /* Pods_VK_App.framework */ = {isa = PBXFileReference; explicitFileType = wrapper.framework; includeInIndex = 0; path = Pods_VK_App.framework; sourceTree = BUILT_PRODUCTS_DIR; };
/* End PBXFileReference section */

/* Begin PBXFrameworksBuildPhase section */
		9471E3492128F86200730643 /* Frameworks */ = {
			isa = PBXFrameworksBuildPhase;
			buildActionMask = 2147483647;
			files = (
				F1EC368EC15439FC0F7AA009 /* Pods_VK_App.framework in Frameworks */,
			);
			runOnlyForDeploymentPostprocessing = 0;
		};
/* End PBXFrameworksBuildPhase section */

/* Begin PBXGroup section */
		5084F8FE2379D11300ABBCAB /* Newsfeed */ = {
			isa = PBXGroup;
			children = (
				5084F9012379D12100ABBCAB /* Model */,
				5084F9002379D11F00ABBCAB /* View */,
				5084F8FF2379D11C00ABBCAB /* Controller */,
			);
			path = Newsfeed;
			sourceTree = "<group>";
		};
		5084F8FF2379D11C00ABBCAB /* Controller */ = {
			isa = PBXGroup;
			children = (
				5084F9042379D40200ABBCAB /* NewsfeedTableViewController.swift */,
			);
			path = Controller;
			sourceTree = "<group>";
		};
		5084F9002379D11F00ABBCAB /* View */ = {
			isa = PBXGroup;
			children = (
				5084F9022379D3C100ABBCAB /* Newsfeed.storyboard */,
				5084F9082379D47E00ABBCAB /* PostTableViewCell.swift */,
				5084F9092379D47E00ABBCAB /* PostTableViewCell.xib */,
			);
			path = View;
			sourceTree = "<group>";
		};
		5084F9012379D12100ABBCAB /* Model */ = {
			isa = PBXGroup;
			children = (
				5084F9062379D43800ABBCAB /* Post.swift */,
			);
			path = Model;
			sourceTree = "<group>";
		};
		5084F90E2379EB2A00ABBCAB /* Photo */ = {
			isa = PBXGroup;
			children = (
				5084F90F2379EB2E00ABBCAB /* Model */,
				5084F9102379EB3300ABBCAB /* View */,
				5084F9112379EB3500ABBCAB /* Controller */,
			);
			path = Photo;
			sourceTree = "<group>";
		};
		5084F90F2379EB2E00ABBCAB /* Model */ = {
			isa = PBXGroup;
			children = (
				943A5DD5213198A600D5F27C /* Photo.swift */,
			);
			path = Model;
			sourceTree = "<group>";
		};
		5084F9102379EB3300ABBCAB /* View */ = {
			isa = PBXGroup;
			children = (
			);
			path = View;
			sourceTree = "<group>";
		};
		5084F9112379EB3500ABBCAB /* Controller */ = {
			isa = PBXGroup;
			children = (
			);
			path = Controller;
			sourceTree = "<group>";
		};
		50BA58C2219C8D8700982E3F /* Protocols */ = {
			isa = PBXGroup;
			children = (
				50F59C17219651D50030EA4C /* Entity.swift */,
				943A5DCF21314E4D00D5F27C /* Human.swift */,
			);
			path = Protocols;
			sourceTree = "<group>";
		};
		50D383A3236AC4B80054DCF6 /* Friends */ = {
			isa = PBXGroup;
			children = (
				50D383A6236AC4DC0054DCF6 /* Model */,
				50D383A5236AC4D90054DCF6 /* View */,
				50D383A4236AC4D30054DCF6 /* Controller */,
			);
			path = Friends;
			sourceTree = "<group>";
		};
		50D383A4236AC4D30054DCF6 /* Controller */ = {
			isa = PBXGroup;
			children = (
				947EA06C212D2A2100490D35 /* FriendsTableViewController.swift */,
				94EA34B7213088D600EE22E1 /* ImagesFriendCollectionViewController.swift */,
			);
			path = Controller;
			sourceTree = "<group>";
		};
		50D383A5236AC4D90054DCF6 /* View */ = {
			isa = PBXGroup;
			children = (
				5084F8F02379CE5000ABBCAB /* Friends.storyboard */,
				5042186823721BFC00502463 /* FriendTableViewCell.swift */,
				5042186923721BFC00502463 /* FriendTableViewCell.xib */,
			);
			path = View;
			sourceTree = "<group>";
		};
		50D383A6236AC4DC0054DCF6 /* Model */ = {
			isa = PBXGroup;
			children = (
			);
			path = Model;
			sourceTree = "<group>";
		};
		50D383A7236AC4EC0054DCF6 /* User */ = {
			isa = PBXGroup;
			children = (
				50D383AA236AC4F80054DCF6 /* Model */,
				50D383A9236AC4F40054DCF6 /* View */,
				50D383A8236AC4F00054DCF6 /* Controller */,
			);
			path = User;
			sourceTree = "<group>";
		};
		50D383A8236AC4F00054DCF6 /* Controller */ = {
			isa = PBXGroup;
			children = (
			);
			path = Controller;
			sourceTree = "<group>";
		};
		50D383A9236AC4F40054DCF6 /* View */ = {
			isa = PBXGroup;
			children = (
			);
			path = View;
			sourceTree = "<group>";
		};
		50D383AA236AC4F80054DCF6 /* Model */ = {
			isa = PBXGroup;
			children = (
				50BA58C2219C8D8700982E3F /* Protocols */,
				943A5DD32131581C00D5F27C /* User.swift */,
			);
			path = Model;
			sourceTree = "<group>";
		};
		50D383AB236AC52A0054DCF6 /* Groups */ = {
			isa = PBXGroup;
			children = (
				50D383AE236AC53A0054DCF6 /* Model */,
				50D383AD236AC5370054DCF6 /* View */,
				50D383AC236AC5340054DCF6 /* Controller */,
			);
			path = Groups;
			sourceTree = "<group>";
		};
		50D383AC236AC5340054DCF6 /* Controller */ = {
			isa = PBXGroup;
			children = (
				947EA06E212D502000490D35 /* GroupsTableViewController.swift */,
				94F0D61D2131EC620063ECFE /* GroupsWorldTableViewController.swift */,
			);
			path = Controller;
			sourceTree = "<group>";
		};
		50D383AD236AC5370054DCF6 /* View */ = {
			isa = PBXGroup;
			children = (
				5084F8FB2379D01F00ABBCAB /* Groups.storyboard */,
				5059EB242376B4C000D693E5 /* GroupTableViewCell.swift */,
				5059EB252376B4C000D693E5 /* GroupTableViewCell.xib */,
			);
			path = View;
			sourceTree = "<group>";
		};
		50D383AE236AC53A0054DCF6 /* Model */ = {
			isa = PBXGroup;
			children = (
				94E4341B2131DDB200FC890B /* Group.swift */,
			);
			path = Model;
			sourceTree = "<group>";
		};
		50D383AF236AC58C0054DCF6 /* Global */ = {
			isa = PBXGroup;
			children = (
				50D383B3236AC5A00054DCF6 /* Model */,
				50D383B2236AC59E0054DCF6 /* View */,
				50D383B1236AC5990054DCF6 /* Controller */,
				50D383B0236AC58F0054DCF6 /* Manager */,
			);
			path = Global;
			sourceTree = "<group>";
		};
		50D383B0236AC58F0054DCF6 /* Manager */ = {
			isa = PBXGroup;
			children = (
				50783C2C23719D69009EE2A3 /* ImageDownloader.swift */,
			);
			path = Manager;
			sourceTree = "<group>";
		};
		50D383B1236AC5990054DCF6 /* Controller */ = {
			isa = PBXGroup;
			children = (
			);
			path = Controller;
			sourceTree = "<group>";
		};
		50D383B2236AC59E0054DCF6 /* View */ = {
			isa = PBXGroup;
			children = (
				9471E3582128F86300730643 /* LaunchScreen.storyboard */,
				9471E3532128F86200730643 /* Main.storyboard */,
				5084F8F32379CE6C00ABBCAB /* RootTabBar.storyboard */,
			);
			path = View;
			sourceTree = "<group>";
		};
		50D383B3236AC5A00054DCF6 /* Model */ = {
			isa = PBXGroup;
			children = (
			);
			path = Model;
			sourceTree = "<group>";
		};
		50D383B4236AC5DD0054DCF6 /* Settings */ = {
			isa = PBXGroup;
			children = (
				50D383B7236AC5F80054DCF6 /* Model */,
				50D383B6236AC5F40054DCF6 /* View */,
				50D383B5236AC5EF0054DCF6 /* Controller */,
			);
			path = Settings;
			sourceTree = "<group>";
		};
		50D383B5236AC5EF0054DCF6 /* Controller */ = {
			isa = PBXGroup;
			children = (
				508EE14C21A23B6E004AF2AF /* SettingsTableViewController.swift */,
			);
			path = Controller;
			sourceTree = "<group>";
		};
		50D383B6236AC5F40054DCF6 /* View */ = {
			isa = PBXGroup;
			children = (
			);
			path = View;
			sourceTree = "<group>";
		};
		50D383B7236AC5F80054DCF6 /* Model */ = {
			isa = PBXGroup;
			children = (
			);
			path = Model;
			sourceTree = "<group>";
		};
		50D383B8236AC6070054DCF6 /* Auth */ = {
			isa = PBXGroup;
			children = (
				50D383BB236AC6100054DCF6 /* Model */,
				50D383BA236AC60D0054DCF6 /* View */,
				50D383B9236AC6090054DCF6 /* Controller */,
			);
			path = Auth;
			sourceTree = "<group>";
		};
		50D383B9236AC6090054DCF6 /* Controller */ = {
			isa = PBXGroup;
			children = (
				9471E3512128F86200730643 /* ViewController.swift */,
				5043DB6D215063D3007B4E4A /* WebViewController.swift */,
			);
			path = Controller;
			sourceTree = "<group>";
		};
		50D383BA236AC60D0054DCF6 /* View */ = {
			isa = PBXGroup;
			children = (
			);
			path = View;
			sourceTree = "<group>";
		};
		50D383BB236AC6100054DCF6 /* Model */ = {
			isa = PBXGroup;
			children = (
			);
			path = Model;
			sourceTree = "<group>";
		};
		50D383BE236AC6490054DCF6 /* UIKit+Extension */ = {
			isa = PBXGroup;
			children = (
				50BA58BF219B654500982E3F /* UIImageView.swift */,
				50783C2E2371A209009EE2A3 /* UIWindow+Extention.swift */,
			);
			path = "UIKit+Extension";
			sourceTree = "<group>";
		};
		50D70DCA219DB602003F9529 /* VK API */ = {
			isa = PBXGroup;
			children = (
				50783C2A23718F2A009EE2A3 /* VKConfiguration.swift */,
				5043DB7021506FCB007B4E4A /* VKAuth.swift */,
				50D70DCB219DB70B003F9529 /* VKFriends.swift */,
				50D70DCD219DB7F2003F9529 /* VKGroup.swift */,
				50421866237216AE00502463 /* VKPhotos.swift */,
				5084F90C2379E2E300ABBCAB /* VKNewsFeed.swift */,
			);
			path = "VK API";
			sourceTree = "<group>";
		};
		9435CF7F212D72C1002689E7 /* Source */ = {
			isa = PBXGroup;
			children = (
				50D383BE236AC6490054DCF6 /* UIKit+Extension */,
				50D70DCA219DB602003F9529 /* VK API */,
				943A5DCD21314E1900D5F27C /* Alert */,
			);
			path = Source;
			sourceTree = "<group>";
		};
		943A5DCD21314E1900D5F27C /* Alert */ = {
			isa = PBXGroup;
			children = (
				9435CF84212D7FC7002689E7 /* AlertBuilder.swift */,
			);
			path = Alert;
			sourceTree = "<group>";
		};
		9471E3432128F86200730643 = {
			isa = PBXGroup;
			children = (
				9471E34E2128F86200730643 /* VK_App */,
				9471E34D2128F86200730643 /* Products */,
				D6993DBD4BE798FB3E87B91B /* Pods */,
				BFBA524919930E182CB8A094 /* Frameworks */,
			);
			sourceTree = "<group>";
		};
		9471E34D2128F86200730643 /* Products */ = {
			isa = PBXGroup;
			children = (
				9471E34C2128F86200730643 /* VK_App.app */,
			);
			name = Products;
			sourceTree = "<group>";
		};
		9471E34E2128F86200730643 /* VK_App */ = {
			isa = PBXGroup;
			children = (
				9471E34F2128F86200730643 /* AppDelegate.swift */,
				9471E35B2128F86300730643 /* Info.plist */,
				50E05FE121514B390077161D /* Assets.xcassets */,
				50D383B8236AC6070054DCF6 /* Auth */,
				50D383A3236AC4B80054DCF6 /* Friends */,
				50D383AF236AC58C0054DCF6 /* Global */,
				50D383AB236AC52A0054DCF6 /* Groups */,
				5084F8FE2379D11300ABBCAB /* Newsfeed */,
				5084F90E2379EB2A00ABBCAB /* Photo */,
				50D383B4236AC5DD0054DCF6 /* Settings */,
				50D383A7236AC4EC0054DCF6 /* User */,
				9435CF7F212D72C1002689E7 /* Source */,
			);
			path = VK_App;
			sourceTree = "<group>";
		};
		BFBA524919930E182CB8A094 /* Frameworks */ = {
			isa = PBXGroup;
			children = (
				A69CB201EB6E0155930F9479 /* Pods_VK_App.framework */,
			);
			name = Frameworks;
			sourceTree = "<group>";
		};
		D6993DBD4BE798FB3E87B91B /* Pods */ = {
			isa = PBXGroup;
			children = (
				64D3E27EF30EB773AB63EF4B /* Pods-VK_App.debug.xcconfig */,
				710D4125137E0F8DA256F06F /* Pods-VK_App.release.xcconfig */,
			);
			name = Pods;
			sourceTree = "<group>";
		};
/* End PBXGroup section */

/* Begin PBXNativeTarget section */
		9471E34B2128F86200730643 /* VK_App */ = {
			isa = PBXNativeTarget;
			buildConfigurationList = 9471E35E2128F86300730643 /* Build configuration list for PBXNativeTarget "VK_App" */;
			buildPhases = (
				ABA0D580C6BB04024C808D7D /* [CP] Check Pods Manifest.lock */,
				9471E3482128F86200730643 /* Sources */,
				9471E3492128F86200730643 /* Frameworks */,
				9471E34A2128F86200730643 /* Resources */,
				2025F373C8BD046754C34AB9 /* [CP] Embed Pods Frameworks */,
			);
			buildRules = (
			);
			dependencies = (
			);
			name = VK_App;
			packageProductDependencies = (
			);
			productName = VK_App;
			productReference = 9471E34C2128F86200730643 /* VK_App.app */;
			productType = "com.apple.product-type.application";
		};
/* End PBXNativeTarget section */

/* Begin PBXProject section */
		9471E3442128F86200730643 /* Project object */ = {
			isa = PBXProject;
			attributes = {
				LastSwiftUpdateCheck = 1110;
				LastUpgradeCheck = 0940;
				ORGANIZATIONNAME = Maxim;
				TargetAttributes = {
					9471E34B2128F86200730643 = {
						CreatedOnToolsVersion = 9.4.1;
						LastSwiftMigration = 1020;
					};
				};
			};
			buildConfigurationList = 9471E3472128F86200730643 /* Build configuration list for PBXProject "VK_App" */;
			compatibilityVersion = "Xcode 10.0";
			developmentRegion = en;
			hasScannedForEncodings = 0;
			knownRegions = (
				en,
				Base,
			);
			mainGroup = 9471E3432128F86200730643;
			productRefGroup = 9471E34D2128F86200730643 /* Products */;
			projectDirPath = "";
			projectRoot = "";
			targets = (
				9471E34B2128F86200730643 /* VK_App */,
			);
		};
/* End PBXProject section */

/* Begin PBXResourcesBuildPhase section */
		9471E34A2128F86200730643 /* Resources */ = {
			isa = PBXResourcesBuildPhase;
			buildActionMask = 2147483647;
			files = (
				5084F9032379D3C100ABBCAB /* Newsfeed.storyboard in Resources */,
				5084F90B2379D47E00ABBCAB /* PostTableViewCell.xib in Resources */,
				5084F8F22379CE5000ABBCAB /* Friends.storyboard in Resources */,
				9471E35A2128F86300730643 /* LaunchScreen.storyboard in Resources */,
				5059EB272376B4C000D693E5 /* GroupTableViewCell.xib in Resources */,
				5084F8F52379CE6C00ABBCAB /* RootTabBar.storyboard in Resources */,
				5084F8FD2379D01F00ABBCAB /* Groups.storyboard in Resources */,
				50E05FE221514B3B0077161D /* Assets.xcassets in Resources */,
				9471E3552128F86200730643 /* Main.storyboard in Resources */,
				5042186B23721BFC00502463 /* FriendTableViewCell.xib in Resources */,
			);
			runOnlyForDeploymentPostprocessing = 0;
		};
/* End PBXResourcesBuildPhase section */

/* Begin PBXShellScriptBuildPhase section */
		2025F373C8BD046754C34AB9 /* [CP] Embed Pods Frameworks */ = {
			isa = PBXShellScriptBuildPhase;
			buildActionMask = 2147483647;
			files = (
			);
			inputFileListPaths = (
				"${PODS_ROOT}/Target Support Files/Pods-VK_App/Pods-VK_App-frameworks-${CONFIGURATION}-input-files.xcfilelist",
			);
			name = "[CP] Embed Pods Frameworks";
			outputFileListPaths = (
				"${PODS_ROOT}/Target Support Files/Pods-VK_App/Pods-VK_App-frameworks-${CONFIGURATION}-output-files.xcfilelist",
			);
			runOnlyForDeploymentPostprocessing = 0;
			shellPath = /bin/sh;
			shellScript = "\"${PODS_ROOT}/Target Support Files/Pods-VK_App/Pods-VK_App-frameworks.sh\"\n";
			showEnvVarsInLog = 0;
		};
		ABA0D580C6BB04024C808D7D /* [CP] Check Pods Manifest.lock */ = {
			isa = PBXShellScriptBuildPhase;
			buildActionMask = 2147483647;
			files = (
			);
			inputPaths = (
				"${PODS_PODFILE_DIR_PATH}/Podfile.lock",
				"${PODS_ROOT}/Manifest.lock",
			);
			name = "[CP] Check Pods Manifest.lock";
			outputPaths = (
				"$(DERIVED_FILE_DIR)/Pods-VK_App-checkManifestLockResult.txt",
			);
			runOnlyForDeploymentPostprocessing = 0;
			shellPath = /bin/sh;
			shellScript = "diff \"${PODS_PODFILE_DIR_PATH}/Podfile.lock\" \"${PODS_ROOT}/Manifest.lock\" > /dev/null\nif [ $? != 0 ] ; then\n    # print error to STDERR\n    echo \"error: The sandbox is not in sync with the Podfile.lock. Run 'pod install' or update your CocoaPods installation.\" >&2\n    exit 1\nfi\n# This output is used by Xcode 'outputs' to avoid re-running this script phase.\necho \"SUCCESS\" > \"${SCRIPT_OUTPUT_FILE_0}\"\n";
			showEnvVarsInLog = 0;
		};
/* End PBXShellScriptBuildPhase section */

/* Begin PBXSourcesBuildPhase section */
		9471E3482128F86200730643 /* Sources */ = {
			isa = PBXSourcesBuildPhase;
			buildActionMask = 2147483647;
			files = (
				50D70DCE219DB7F2003F9529 /* VKGroup.swift in Sources */,
				943A5DD6213198A600D5F27C /* Photo.swift in Sources */,
				5043DB7121506FCB007B4E4A /* VKAuth.swift in Sources */,
				5059EB262376B4C000D693E5 /* GroupTableViewCell.swift in Sources */,
				9471E3522128F86200730643 /* ViewController.swift in Sources */,
				50783C2F2371A209009EE2A3 /* UIWindow+Extention.swift in Sources */,
				947EA06D212D2A2100490D35 /* FriendsTableViewController.swift in Sources */,
				9471E3502128F86200730643 /* AppDelegate.swift in Sources */,
				50783C2D23719D69009EE2A3 /* ImageDownloader.swift in Sources */,
				50F59C18219651D50030EA4C /* Entity.swift in Sources */,
				94E4341C2131DDB200FC890B /* Group.swift in Sources */,
				50D70DCC219DB70B003F9529 /* VKFriends.swift in Sources */,
				94F0D61E2131EC620063ECFE /* GroupsWorldTableViewController.swift in Sources */,
				947EA06F212D502000490D35 /* GroupsTableViewController.swift in Sources */,
				508EE14D21A23B6E004AF2AF /* SettingsTableViewController.swift in Sources */,
				9435CF85212D7FC7002689E7 /* AlertBuilder.swift in Sources */,
				943A5DD021314E4D00D5F27C /* Human.swift in Sources */,
				5084F9072379D43800ABBCAB /* Post.swift in Sources */,
				943A5DD42131581C00D5F27C /* User.swift in Sources */,
				5043DB6E215063D3007B4E4A /* WebViewController.swift in Sources */,
				5042186A23721BFC00502463 /* FriendTableViewCell.swift in Sources */,
				5084F90D2379E2E300ABBCAB /* VKNewsFeed.swift in Sources */,
				5084F9052379D40200ABBCAB /* NewsfeedTableViewController.swift in Sources */,
				50BA58C0219B654500982E3F /* UIImageView.swift in Sources */,
				50421867237216AE00502463 /* VKPhotos.swift in Sources */,
				94EA34B8213088D600EE22E1 /* ImagesFriendCollectionViewController.swift in Sources */,
				50783C2B23718F2A009EE2A3 /* VKConfiguration.swift in Sources */,
				5084F90A2379D47E00ABBCAB /* PostTableViewCell.swift in Sources */,
			);
			runOnlyForDeploymentPostprocessing = 0;
		};
/* End PBXSourcesBuildPhase section */

/* Begin PBXVariantGroup section */
		5084F8F02379CE5000ABBCAB /* Friends.storyboard */ = {
			isa = PBXVariantGroup;
			children = (
				5084F8F12379CE5000ABBCAB /* Base */,
			);
			name = Friends.storyboard;
			sourceTree = "<group>";
		};
		5084F8F32379CE6C00ABBCAB /* RootTabBar.storyboard */ = {
			isa = PBXVariantGroup;
			children = (
				5084F8F42379CE6C00ABBCAB /* Base */,
			);
			name = RootTabBar.storyboard;
			sourceTree = "<group>";
		};
		5084F8FB2379D01F00ABBCAB /* Groups.storyboard */ = {
			isa = PBXVariantGroup;
			children = (
				5084F8FC2379D01F00ABBCAB /* Base */,
			);
			name = Groups.storyboard;
			sourceTree = "<group>";
		};
		9471E3532128F86200730643 /* Main.storyboard */ = {
			isa = PBXVariantGroup;
			children = (
				9471E3542128F86200730643 /* Base */,
			);
			name = Main.storyboard;
			sourceTree = "<group>";
		};
		9471E3582128F86300730643 /* LaunchScreen.storyboard */ = {
			isa = PBXVariantGroup;
			children = (
				9471E3592128F86300730643 /* Base */,
			);
			name = LaunchScreen.storyboard;
			sourceTree = "<group>";
		};
/* End PBXVariantGroup section */

/* Begin XCBuildConfiguration section */
		9471E35C2128F86300730643 /* Debug */ = {
			isa = XCBuildConfiguration;
			buildSettings = {
				ALWAYS_SEARCH_USER_PATHS = NO;
				CLANG_ANALYZER_NONNULL = YES;
				CLANG_ANALYZER_NUMBER_OBJECT_CONVERSION = YES_AGGRESSIVE;
				CLANG_CXX_LANGUAGE_STANDARD = "gnu++14";
				CLANG_CXX_LIBRARY = "libc++";
				CLANG_ENABLE_MODULES = YES;
				CLANG_ENABLE_OBJC_ARC = YES;
				CLANG_ENABLE_OBJC_WEAK = YES;
				CLANG_WARN_BLOCK_CAPTURE_AUTORELEASING = YES;
				CLANG_WARN_BOOL_CONVERSION = YES;
				CLANG_WARN_COMMA = YES;
				CLANG_WARN_CONSTANT_CONVERSION = YES;
				CLANG_WARN_DEPRECATED_OBJC_IMPLEMENTATIONS = YES;
				CLANG_WARN_DIRECT_OBJC_ISA_USAGE = YES_ERROR;
				CLANG_WARN_DOCUMENTATION_COMMENTS = YES;
				CLANG_WARN_EMPTY_BODY = YES;
				CLANG_WARN_ENUM_CONVERSION = YES;
				CLANG_WARN_INFINITE_RECURSION = YES;
				CLANG_WARN_INT_CONVERSION = YES;
				CLANG_WARN_NON_LITERAL_NULL_CONVERSION = YES;
				CLANG_WARN_OBJC_IMPLICIT_RETAIN_SELF = YES;
				CLANG_WARN_OBJC_LITERAL_CONVERSION = YES;
				CLANG_WARN_OBJC_ROOT_CLASS = YES_ERROR;
				CLANG_WARN_RANGE_LOOP_ANALYSIS = YES;
				CLANG_WARN_STRICT_PROTOTYPES = YES;
				CLANG_WARN_SUSPICIOUS_MOVE = YES;
				CLANG_WARN_UNGUARDED_AVAILABILITY = YES_AGGRESSIVE;
				CLANG_WARN_UNREACHABLE_CODE = YES;
				CLANG_WARN__DUPLICATE_METHOD_MATCH = YES;
				CODE_SIGN_IDENTITY = "iPhone Developer";
				COPY_PHASE_STRIP = NO;
				DEBUG_INFORMATION_FORMAT = dwarf;
				ENABLE_STRICT_OBJC_MSGSEND = YES;
				ENABLE_TESTABILITY = YES;
				GCC_C_LANGUAGE_STANDARD = gnu11;
				GCC_DYNAMIC_NO_PIC = NO;
				GCC_NO_COMMON_BLOCKS = YES;
				GCC_OPTIMIZATION_LEVEL = 0;
				GCC_PREPROCESSOR_DEFINITIONS = (
					"DEBUG=1",
					"$(inherited)",
				);
				GCC_WARN_64_TO_32_BIT_CONVERSION = YES;
				GCC_WARN_ABOUT_RETURN_TYPE = YES_ERROR;
				GCC_WARN_UNDECLARED_SELECTOR = YES;
				GCC_WARN_UNINITIALIZED_AUTOS = YES_AGGRESSIVE;
				GCC_WARN_UNUSED_FUNCTION = YES;
				GCC_WARN_UNUSED_VARIABLE = YES;
				IPHONEOS_DEPLOYMENT_TARGET = 11.4;
				MTL_ENABLE_DEBUG_INFO = YES;
				ONLY_ACTIVE_ARCH = YES;
				SDKROOT = iphoneos;
				SWIFT_ACTIVE_COMPILATION_CONDITIONS = DEBUG;
				SWIFT_OPTIMIZATION_LEVEL = "-Onone";
			};
			name = Debug;
		};
		9471E35D2128F86300730643 /* Release */ = {
			isa = XCBuildConfiguration;
			buildSettings = {
				ALWAYS_SEARCH_USER_PATHS = NO;
				CLANG_ANALYZER_NONNULL = YES;
				CLANG_ANALYZER_NUMBER_OBJECT_CONVERSION = YES_AGGRESSIVE;
				CLANG_CXX_LANGUAGE_STANDARD = "gnu++14";
				CLANG_CXX_LIBRARY = "libc++";
				CLANG_ENABLE_MODULES = YES;
				CLANG_ENABLE_OBJC_ARC = YES;
				CLANG_ENABLE_OBJC_WEAK = YES;
				CLANG_WARN_BLOCK_CAPTURE_AUTORELEASING = YES;
				CLANG_WARN_BOOL_CONVERSION = YES;
				CLANG_WARN_COMMA = YES;
				CLANG_WARN_CONSTANT_CONVERSION = YES;
				CLANG_WARN_DEPRECATED_OBJC_IMPLEMENTATIONS = YES;
				CLANG_WARN_DIRECT_OBJC_ISA_USAGE = YES_ERROR;
				CLANG_WARN_DOCUMENTATION_COMMENTS = YES;
				CLANG_WARN_EMPTY_BODY = YES;
				CLANG_WARN_ENUM_CONVERSION = YES;
				CLANG_WARN_INFINITE_RECURSION = YES;
				CLANG_WARN_INT_CONVERSION = YES;
				CLANG_WARN_NON_LITERAL_NULL_CONVERSION = YES;
				CLANG_WARN_OBJC_IMPLICIT_RETAIN_SELF = YES;
				CLANG_WARN_OBJC_LITERAL_CONVERSION = YES;
				CLANG_WARN_OBJC_ROOT_CLASS = YES_ERROR;
				CLANG_WARN_RANGE_LOOP_ANALYSIS = YES;
				CLANG_WARN_STRICT_PROTOTYPES = YES;
				CLANG_WARN_SUSPICIOUS_MOVE = YES;
				CLANG_WARN_UNGUARDED_AVAILABILITY = YES_AGGRESSIVE;
				CLANG_WARN_UNREACHABLE_CODE = YES;
				CLANG_WARN__DUPLICATE_METHOD_MATCH = YES;
				CODE_SIGN_IDENTITY = "iPhone Developer";
				COPY_PHASE_STRIP = NO;
				DEBUG_INFORMATION_FORMAT = "dwarf-with-dsym";
				ENABLE_NS_ASSERTIONS = NO;
				ENABLE_STRICT_OBJC_MSGSEND = YES;
				GCC_C_LANGUAGE_STANDARD = gnu11;
				GCC_NO_COMMON_BLOCKS = YES;
				GCC_WARN_64_TO_32_BIT_CONVERSION = YES;
				GCC_WARN_ABOUT_RETURN_TYPE = YES_ERROR;
				GCC_WARN_UNDECLARED_SELECTOR = YES;
				GCC_WARN_UNINITIALIZED_AUTOS = YES_AGGRESSIVE;
				GCC_WARN_UNUSED_FUNCTION = YES;
				GCC_WARN_UNUSED_VARIABLE = YES;
				IPHONEOS_DEPLOYMENT_TARGET = 11.4;
				MTL_ENABLE_DEBUG_INFO = NO;
				SDKROOT = iphoneos;
				SWIFT_COMPILATION_MODE = wholemodule;
				SWIFT_OPTIMIZATION_LEVEL = "-O";
				VALIDATE_PRODUCT = YES;
			};
			name = Release;
		};
		9471E35F2128F86300730643 /* Debug */ = {
			isa = XCBuildConfiguration;
			baseConfigurationReference = 64D3E27EF30EB773AB63EF4B /* Pods-VK_App.debug.xcconfig */;
			buildSettings = {
				ASSETCATALOG_COMPILER_APPICON_NAME = AppIcon;
				CODE_SIGN_IDENTITY = "iPhone Developer";
				CODE_SIGN_STYLE = Automatic;
				DEVELOPMENT_TEAM = LUGU79P6AZ;
				INFOPLIST_FILE = VK_App/Info.plist;
				IPHONEOS_DEPLOYMENT_TARGET = 11.0;
				LD_RUNPATH_SEARCH_PATHS = (
					"$(inherited)",
					"@executable_path/Frameworks",
				);
				PRODUCT_BUNDLE_IDENTIFIER = "My-VK-APP";
				PRODUCT_NAME = "$(TARGET_NAME)";
				PROVISIONING_PROFILE_SPECIFIER = "";
				SWIFT_VERSION = 5.0;
				TARGETED_DEVICE_FAMILY = "1,2";
			};
			name = Debug;
		};
		9471E3602128F86300730643 /* Release */ = {
			isa = XCBuildConfiguration;
			baseConfigurationReference = 710D4125137E0F8DA256F06F /* Pods-VK_App.release.xcconfig */;
			buildSettings = {
				ASSETCATALOG_COMPILER_APPICON_NAME = AppIcon;
				CODE_SIGN_IDENTITY = "iPhone Developer";
				CODE_SIGN_STYLE = Automatic;
				DEVELOPMENT_TEAM = LUGU79P6AZ;
				INFOPLIST_FILE = VK_App/Info.plist;
				IPHONEOS_DEPLOYMENT_TARGET = 11.0;
				LD_RUNPATH_SEARCH_PATHS = (
					"$(inherited)",
					"@executable_path/Frameworks",
				);
				PRODUCT_BUNDLE_IDENTIFIER = "My-VK-APP";
				PRODUCT_NAME = "$(TARGET_NAME)";
				PROVISIONING_PROFILE_SPECIFIER = "";
				SWIFT_VERSION = 5.0;
				TARGETED_DEVICE_FAMILY = "1,2";
			};
			name = Release;
		};
/* End XCBuildConfiguration section */

/* Begin XCConfigurationList section */
		9471E3472128F86200730643 /* Build configuration list for PBXProject "VK_App" */ = {
			isa = XCConfigurationList;
			buildConfigurations = (
				9471E35C2128F86300730643 /* Debug */,
				9471E35D2128F86300730643 /* Release */,
			);
			defaultConfigurationIsVisible = 0;
			defaultConfigurationName = Release;
		};
		9471E35E2128F86300730643 /* Build configuration list for PBXNativeTarget "VK_App" */ = {
			isa = XCConfigurationList;
			buildConfigurations = (
				9471E35F2128F86300730643 /* Debug */,
				9471E3602128F86300730643 /* Release */,
			);
			defaultConfigurationIsVisible = 0;
			defaultConfigurationName = Release;
		};
/* End XCConfigurationList section */
	};
	rootObject = 9471E3442128F86200730643 /* Project object */;
}
